{
    "_meta": {
        "hash": {
            "sha256": "6d38990fb9e40280b8f5fa8bd7af47489dee47cbac944cf23499accbeaae0065"
        },
        "host-environment-markers": {
            "implementation_name": "cpython",
            "implementation_version": "3.5.2",
            "os_name": "posix",
            "platform_machine": "x86_64",
            "platform_python_implementation": "CPython",
            "platform_release": "4.13.0-32-generic",
            "platform_system": "Linux",
            "platform_version": "#35~16.04.1-Ubuntu SMP Thu Jan 25 10:13:43 UTC 2018",
            "python_full_version": "3.5.2",
            "python_version": "3.5",
            "sys_platform": "linux"
        },
        "pipfile-spec": 6,
        "requires": {},
        "sources": [
            {
                "name": "pypi",
                "url": "https://pypi.douban.com/simple",
                "verify_ssl": true
            }
        ]
    },
    "default": {
        "django": {
            "hashes": [],
            "version": "==2.0"
        },
        "pytz": {
            "hashes": [],
            "version": "==2017.3"
        }
    },
    "develop": {}
}
